
Microsoft Visual Studio Solution File, Format Version 12.00
# Visual Studio Version 17
VisualStudioVersion = 17.3.32721.290
MinimumVisualStudioVersion = 10.0.40219.1
Project("{9A19103F-16F7-4668-BE54-9A1E7A4F7556}") = "Battleship", "Battleship\Battleship.csproj", "{5567C0F2-F152-4406-99A0-6C11E6AA964C}"
EndProject
Global
	GlobalSection(SolutionConfigurationPlatforms) = preSolution
		Debug|Any CPU = Debug|Any CPU
		Release|Any CPU = Release|Any CPU
	EndGlobalSection
	GlobalSection(ProjectConfigurationPlatforms) = postSolution
		{5567C0F2-F152-4406-99A0-6C11E6AA964C}.Debug|Any CPU.ActiveCfg = Debug|Any CPU
		{5567C0F2-F152-4406-99A0-6C11E6AA964C}.Debug|Any CPU.Build.0 = Debug|Any CPU
		{5567C0F2-F152-4406-99A0-6C11E6AA964C}.Release|Any CPU.ActiveCfg = Release|Any CPU
		{5567C0F2-F152-4406-99A0-6C11E6AA964C}.Release|Any CPU.Build.0 = Release|Any CPU
	EndGlobalSection
	GlobalSection(SolutionProperties) = preSolution
		HideSolutionNode = FALSE
	EndGlobalSection
	GlobalSection(ExtensibilityGlobals) = postSolution
		SolutionGuid = {6189B08B-18A1-4AB8-872F-EE44554DCE06}
	EndGlobalSection
EndGlobal
